Microsoft Visual Studio Solution File, Format Version 12.00
# Visual Studio Version 17
VisualStudioVersion = 17.5.2.0
MinimumVisualStudioVersion = 10.0.40219.1
Project("{FAE04EC0-301F-11D3-BF4B-00C04F79EFBC}") = "FileExplorerApi", "FileExplorerApi.csproj", "{43FD3D8A-32DD-8408-A6DD-B6046AAE515E}"
EndProject
Global
	GlobalSection(SolutionConfigurationPlatforms) = preSolution
		Debug|Any CPU = Debug|Any CPU
		Release|Any CPU = Release|Any CPU
	EndGlobalSection
	GlobalSection(ProjectConfigurationPlatforms) = postSolution
		{43FD3D8A-32DD-8408-A6DD-B6046AAE515E}.Debug|Any CPU.ActiveCfg = Debug|Any CPU
		{43FD3D8A-32DD-8408-A6DD-B6046AAE515E}.Debug|Any CPU.Build.0 = Debug|Any CPU
		{43FD3D8A-32DD-8408-A6DD-B6046AAE515E}.Release|Any CPU.ActiveCfg = Release|Any CPU
		{43FD3D8A-32DD-8408-A6DD-B6046AAE515E}.Release|Any CPU.Build.0 = Release|Any CPU
	EndGlobalSection
	GlobalSection(SolutionProperties) = preSolution
		HideSolutionNode = FALSE
	EndGlobalSection
	GlobalSection(ExtensibilityGlobals) = postSolution
		SolutionGuid = {C588B16C-DD70-4D46-A026-EF14FFF43ED0}
	EndGlobalSection
EndGlobal
